
Microsoft Visual Studio Solution File, Format Version 12.00
# Visual Studio Version 17
VisualStudioVersion = 17.14.36221.1 d17.14
MinimumVisualStudioVersion = 10.0.40219.1
Project("{FAE04EC0-301F-11D3-BF4B-00C04F79EFBC}") = "MiniForms", "MiniForms\MiniForms.csproj", "{5413C6D5-7C0B-4401-87E8-27EF2AC3F9E7}"
EndProject
Global
	GlobalSection(SolutionConfigurationPlatforms) = preSolution
		Debug|Any CPU = Debug|Any CPU
		Release|Any CPU = Release|Any CPU
	EndGlobalSection
	GlobalSection(ProjectConfigurationPlatforms) = postSolution
		{5413C6D5-7C0B-4401-87E8-27EF2AC3F9E7}.Debug|Any CPU.ActiveCfg = Debug|Any CPU
		{5413C6D5-7C0B-4401-87E8-27EF2AC3F9E7}.Debug|Any CPU.Build.0 = Debug|Any CPU
		{5413C6D5-7C0B-4401-87E8-27EF2AC3F9E7}.Release|Any CPU.ActiveCfg = Release|Any CPU
		{5413C6D5-7C0B-4401-87E8-27EF2AC3F9E7}.Release|Any CPU.Build.0 = Release|Any CPU
	EndGlobalSection
	GlobalSection(SolutionProperties) = preSolution
		HideSolutionNode = FALSE
	EndGlobalSection
	GlobalSection(ExtensibilityGlobals) = postSolution
		SolutionGuid = {E2948C25-86CD-4228-BABF-30BFACB6212C}
	EndGlobalSection
EndGlobal
